{
  "name": "demo",
  "version": "2.0.3",
  "lockfileVersion": 2,
  "requires": true,
  "packages": {
    "": {
      "name": "demo",
      "version": "2.0.3",
      "license": "MIT",
      "dependencies": {
        "@aeaton/prosemirror-transformers": "^2.0.2",
        "@aeaton/react-prosemirror": "^2.0.3",
        "@aeaton/react-prosemirror-config-default": "^2.0.3",
        "prosemirror-mentions": "^1.0.2",
        "prosemirror-model": "^1.13.3",
        "prosemirror-state": "^1.3.4",
        "prosemirror-view": "^1.18.2",
        "react": "^17.0.2",
        "react-dom": "^17.0.2"
      },
      "devDependencies": {
        "esbuild": "^0.8.55"
      }
    },
    "node_modules/@aeaton/prosemirror-commands": {
      "version": "2.0.2",
      "resolved": "https://registry.npmjs.org/@aeaton/prosemirror-commands/-/prosemirror-commands-2.0.2.tgz",
      "integrity": "sha512-wj/cmoJslj7irrG3cRcF8tvXC160fqXWZFPd4Zwns+r6nSJvvDL//QOaRYMIJV1uB2AGxj3kI84yPKSQbQbxKA==",
      "peerDependencies": {
        "prosemirror-commands": "^1.1.4",
        "prosemirror-model": "^1.10.0",
        "prosemirror-state": "^1.3.3",
        "prosemirror-transform": "^1.2.9"
      }
    },
    "node_modules/@aeaton/prosemirror-placeholder": {
      "version": "2.0.2",
      "resolved": "https://registry.npmjs.org/@aeaton/prosemirror-placeholder/-/prosemirror-placeholder-2.0.2.tgz",
      "integrity": "sha512-5Mvw7HA4RpvvusHgoHhdCGaxgqkefcfQYcPEyU2jNjL0UcO4heJllHRHqugRJs7mzwSPexBhYyAIfOb/zKnpFw==",
      "peerDependencies": {
        "prosemirror-state": "^1.3.4",
        "prosemirror-view": "^1.17.3"
      }
    },
    "node_modules/@aeaton/prosemirror-schema": {
      "version": "2.0.2",
      "resolved": "https://registry.npmjs.org/@aeaton/prosemirror-schema/-/prosemirror-schema-2.0.2.tgz",
      "integrity": "sha512-bdwYTUqe06Yh3Syj3z5a6U82c5Q8ogqvcHo5nDT8qpamwSsO4UHJilCSQwqLNe7m4JqtXDMpO7qCCuD8AjddGQ=="
    },
    "node_modules/@aeaton/prosemirror-transformers": {
      "version": "2.0.2",
      "resolved": "https://registry.npmjs.org/@aeaton/prosemirror-transformers/-/prosemirror-transformers-2.0.2.tgz",
      "integrity": "sha512-MjbU0HQL8ll5/8XKyLcIvao1B25DAGW9VUR7SM4v1LgP8sLB+Peh0EP7VxOpMAP70mNbe6c/FcoELDJLlQz7ug==",
      "dependencies": {
        "markdown-it": "^12.0.4",
        "prosemirror-markdown": "^1.5.1"
      },
      "peerDependencies": {
        "prosemirror-model": "^1.10.0"
      }
    },
    "node_modules/@aeaton/react-prosemirror": {
      "version": "2.0.3",
      "resolved": "https://registry.npmjs.org/@aeaton/react-prosemirror/-/react-prosemirror-2.0.3.tgz",
      "integrity": "sha512-wvbh1DNuP4jxeTLvaE64NZxRSOI8Aa5AjkbE45UK+NA7h4yJDfC8hUdPSc7mBW51GlacGLs1+iI5Bw6kbeSYgg==",
      "dependencies": {
        "@aeaton/prosemirror-transformers": "^2.0.2"
      },
      "peerDependencies": {
        "prosemirror-model": "^1.13.1",
        "prosemirror-state": "^1.3.4",
        "prosemirror-view": "^1.17.3",
        "react": "^17.0.1"
      }
    },
    "node_modules/@aeaton/react-prosemirror-config-default": {
      "version": "2.0.3",
      "resolved": "https://registry.npmjs.org/@aeaton/react-prosemirror-config-default/-/react-prosemirror-config-default-2.0.3.tgz",
      "integrity": "sha512-+H0qFyQtZ39DmjetHfZNExtytflYcPx+sHThKMcZA/r96yRDjF5+w2FnXDvlaZwCcedXYMbESv1DXFgU2gc4cA==",
      "dependencies": {
        "@aeaton/prosemirror-commands": "^2.0.2",
        "@aeaton/prosemirror-placeholder": "^2.0.2",
        "@aeaton/prosemirror-schema": "^2.0.2",
        "@aeaton/prosemirror-transformers": "^2.0.2",
        "@aeaton/react-prosemirror": "^2.0.3",
        "@fortawesome/fontawesome-svg-core": "^1.2.35",
        "@fortawesome/free-solid-svg-icons": "^5.15.3",
        "@fortawesome/react-fontawesome": "^0.1.14",
        "prosemirror-commands": "^1.1.7",
        "prosemirror-dropcursor": "^1.3.3",
        "prosemirror-gapcursor": "^1.1.5",
        "prosemirror-history": "^1.1.3",
        "prosemirror-inputrules": "^1.1.3",
        "prosemirror-keymap": "^1.1.4",
        "prosemirror-schema-list": "^1.1.4",
        "prosemirror-tables": "^1.1.1",
        "prosemirror-transform": "^1.2.12"
      },
      "peerDependencies": {
        "prosemirror-model": "^1.13.1",
        "prosemirror-state": "^1.3.4",
        "prosemirror-view": "^1.17.3",
        "react": "^17.0.1"
      }
    },
    "node_modules/@fortawesome/fontawesome-common-types": {
      "version": "0.3.0",
      "resolved": "https://registry.npmjs.org/@fortawesome/fontawesome-common-types/-/fontawesome-common-types-0.3.0.tgz",
      "integrity": "sha512-CA3MAZBTxVsF6SkfkHXDerkhcQs0QPofy43eFdbWJJkZiq3SfiaH1msOkac59rQaqto5EqWnASboY1dBuKen5w==",
      "hasInstallScript": true,
      "engines": {
        "node": ">=6"
      }
    },
    "node_modules/@fortawesome/fontawesome-svg-core": {
      "version": "1.3.0",
      "resolved": "https://registry.npmjs.org/@fortawesome/fontawesome-svg-core/-/fontawesome-svg-core-1.3.0.tgz",
      "integrity": "sha512-UIL6crBWhjTNQcONt96ExjUnKt1D68foe3xjEensLDclqQ6YagwCRYVQdrp/hW0ALRp/5Fv/VKw+MqTUWYYvPg==",
      "hasInstallScript": true,
      "dependencies": {
        "@fortawesome/fontawesome-common-types": "^0.3.0"
      },
      "engines": {
        "node": ">=6"
      }
    },
    "node_modules/@fortawesome/free-solid-svg-icons": {
      "version": "5.15.4",
      "resolved": "https://registry.npmjs.org/@fortawesome/free-solid-svg-icons/-/free-solid-svg-icons-5.15.4.tgz",
      "integrity": "sha512-JLmQfz6tdtwxoihXLg6lT78BorrFyCf59SAwBM6qV/0zXyVeDygJVb3fk+j5Qat+Yvcxp1buLTY5iDh1ZSAQ8w==",
      "hasInstallScript": true,
      "dependencies": {
        "@fortawesome/fontawesome-common-types": "^0.2.36"
      },
      "engines": {
        "node": ">=6"
      }
    },
    "node_modules/@fortawesome/free-solid-svg-icons/node_modules/@fortawesome/fontawesome-common-types": {
      "version": "0.2.36",
      "resolved": "https://registry.npmjs.org/@fortawesome/fontawesome-common-types/-/fontawesome-common-types-0.2.36.tgz",
      "integrity": "sha512-a/7BiSgobHAgBWeN7N0w+lAhInrGxksn13uK7231n2m8EDPE3BMCl9NZLTGrj9ZXfCmC6LM0QLqXidIizVQ6yg==",
      "hasInstallScript": true,
      "engines": {
        "node": ">=6"
      }
    },
    "node_modules/@fortawesome/react-fontawesome": {
      "version": "0.1.17",
      "resolved": "https://registry.npmjs.org/@fortawesome/react-fontawesome/-/react-fontawesome-0.1.17.tgz",
      "integrity": "sha512-dX43Z5IvMaW7fwzU8farosYjKNGfRb2HB/DgjVBHeJZ/NSnuuaujPPx0YOdcAq+n3mqn70tyCde2HM1mqbhiuw==",
      "dependencies": {
        "prop-types": "^15.8.1"
      },
      "peerDependencies": {
        "@fortawesome/fontawesome-svg-core": "~1 || >=1.3.0-beta1",
        "react": ">=16.x"
      }
    },
    "node_modules/argparse": {
      "version": "2.0.1",
      "resolved": "https://registry.npmjs.org/argparse/-/argparse-2.0.1.tgz",
      "integrity": "sha512-8+9WqebbFzpX9OR+Wa6O29asIogeRMzcGtAINdpMHHyAg10f05aSFVBbcEqGf/PXw1EjAZ+q2/bEBg3DvurK3Q=="
    },
    "node_modules/entities": {
      "version": "2.1.0",
      "resolved": "https://registry.npmjs.org/entities/-/entities-2.1.0.tgz",
      "integrity": "sha512-hCx1oky9PFrJ611mf0ifBLBRW8lUUVRlFolb5gWRfIELabBlbp9xZvrqZLZAs+NxFnbfQoeGd8wDkygjg7U85w==",
      "funding": {
        "url": "https://github.com/fb55/entities?sponsor=1"
      }
    },
    "node_modules/esbuild": {
      "version": "0.8.57",
      "resolved": "https://registry.npmjs.org/esbuild/-/esbuild-0.8.57.tgz",
      "integrity": "sha512-j02SFrUwFTRUqiY0Kjplwjm1psuzO1d6AjaXKuOR9hrY0HuPsT6sV42B6myW34h1q4CRy+Y3g4RU/cGJeI/nNA==",
      "dev": true,
      "hasInstallScript": true,
      "bin": {
        "esbuild": "bin/esbuild"
      }
    },
    "node_modules/js-tokens": {
      "version": "4.0.0",
      "resolved": "https://registry.npmjs.org/js-tokens/-/js-tokens-4.0.0.tgz",
      "integrity": "sha512-RdJUflcE3cUzKiMqQgsCu06FPu9UdIJO0beYbPhHN4k6apgJtifcoCtT9bcxOpYBtpD2kCM6Sbzg4CausW/PKQ=="
    },
    "node_modules/linkify-it": {
      "version": "3.0.3",
      "resolved": "https://registry.npmjs.org/linkify-it/-/linkify-it-3.0.3.tgz",
      "integrity": "sha512-ynTsyrFSdE5oZ/O9GEf00kPngmOfVwazR5GKDq6EYfhlpFug3J2zybX56a2PRRpc9P+FuSoGNAwjlbDs9jJBPQ==",
      "dependencies": {
        "uc.micro": "^1.0.1"
      }
    },
    "node_modules/loose-envify": {
      "version": "1.4.0",
      "resolved": "https://registry.npmjs.org/loose-envify/-/loose-envify-1.4.0.tgz",
      "integrity": "sha512-lyuxPGr/Wfhrlem2CL/UcnUc1zcqKAImBDzukY7Y5F/yQiNdko6+fRLevlw1HgMySw7f611UIY408EtxRSoK3Q==",
      "dependencies": {
        "js-tokens": "^3.0.0 || ^4.0.0"
      },
      "bin": {
        "loose-envify": "cli.js"
      }
    },
    "node_modules/markdown-it": {
      "version": "12.3.2",
      "resolved": "https://registry.npmjs.org/markdown-it/-/markdown-it-12.3.2.tgz",
      "integrity": "sha512-TchMembfxfNVpHkbtriWltGWc+m3xszaRD0CZup7GFFhzIgQqxIfn3eGj1yZpfuflzPvfkt611B2Q/Bsk1YnGg==",
      "dependencies": {
        "argparse": "^2.0.1",
        "entities": "~2.1.0",
        "linkify-it": "^3.0.1",
        "mdurl": "^1.0.1",
        "uc.micro": "^1.0.5"
      },
      "bin": {
        "markdown-it": "bin/markdown-it.js"
      }
    },
    "node_modules/mdurl": {
      "version": "1.0.1",
      "resolved": "https://registry.npmjs.org/mdurl/-/mdurl-1.0.1.tgz",
      "integrity": "sha1-/oWy7HWlkDfyrf7BAP1sYBdhFS4="
    },
    "node_modules/object-assign": {
      "version": "4.1.1",
      "resolved": "https://registry.npmjs.org/object-assign/-/object-assign-4.1.1.tgz",
      "integrity": "sha1-IQmtx5ZYh8/AXLvUQsrIv7s2CGM=",
      "engines": {
        "node": ">=0.10.0"
      }
    },
    "node_modules/orderedmap": {
      "version": "1.1.1",
      "resolved": "https://registry.npmjs.org/orderedmap/-/orderedmap-1.1.1.tgz",
      "integrity": "sha512-3Ux8um0zXbVacKUkcytc0u3HgC0b0bBLT+I60r2J/En72cI0nZffqrA7Xtf2Hqs27j1g82llR5Mhbd0Z1XW4AQ=="
    },
    "node_modules/prop-types": {
      "version": "15.8.1",
      "resolved": "https://registry.npmjs.org/prop-types/-/prop-types-15.8.1.tgz",
      "integrity": "sha512-oj87CgZICdulUohogVAR7AjlC0327U4el4L6eAvOqCeudMDVU0NThNaV+b9Df4dXgSP1gXMTnPdhfe/2qDH5cg==",
      "dependencies": {
        "loose-envify": "^1.4.0",
        "object-assign": "^4.1.1",
        "react-is": "^16.13.1"
      }
    },
    "node_modules/prosemirror-commands": {
      "version": "1.2.1",
      "resolved": "https://registry.npmjs.org/prosemirror-commands/-/prosemirror-commands-1.2.1.tgz",
      "integrity": "sha512-S/IkpXfpuLFsRynC2HQ5iYROUPiZskKS1+ClcWycGJvj4HMb/mVfeEkQrixYxgTl96EAh+RZQNWPC06GZXk5tQ==",
      "dependencies": {
        "prosemirror-model": "^1.0.0",
        "prosemirror-state": "^1.0.0",
        "prosemirror-transform": "^1.0.0"
      }
    },
    "node_modules/prosemirror-dropcursor": {
      "version": "1.4.0",
      "resolved": "https://registry.npmjs.org/prosemirror-dropcursor/-/prosemirror-dropcursor-1.4.0.tgz",
      "integrity": "sha512-6+YwTjmqDwlA/Dm+5wK67ezgqgjA/MhSDgaNxKUzH97SmeuWFXyLeDRxxOPZeSo7yTxcDGUCWTEjmQZsVBuMrQ==",
      "dependencies": {
        "prosemirror-state": "^1.0.0",
        "prosemirror-transform": "^1.1.0",
        "prosemirror-view": "^1.1.0"
      }
    },
    "node_modules/prosemirror-gapcursor": {
      "version": "1.2.1",
      "resolved": "https://registry.npmjs.org/prosemirror-gapcursor/-/prosemirror-gapcursor-1.2.1.tgz",
      "integrity": "sha512-PHa9lj27iM/g4C46gxVzsefuXVfy/LrGQH4QjMRht7VDBgw77iWYWn8ZHMWSFkwtr9jQEuxI5gccHHHwWG80nw==",
      "dependencies": {
        "prosemirror-keymap": "^1.0.0",
        "prosemirror-model": "^1.0.0",
        "prosemirror-state": "^1.0.0",
        "prosemirror-view": "^1.0.0"
      }
    },
    "node_modules/prosemirror-history": {
      "version": "1.2.0",
      "resolved": "https://registry.npmjs.org/prosemirror-history/-/prosemirror-history-1.2.0.tgz",
      "integrity": "sha512-B9v9xtf4fYbKxQwIr+3wtTDNLDZcmMMmGiI3TAPShnUzvo+Rmv1GiUrsQChY1meetHl7rhML2cppF3FTs7f7UQ==",
      "dependencies": {
        "prosemirror-state": "^1.2.2",
        "prosemirror-transform": "^1.0.0",
        "rope-sequence": "^1.3.0"
      }
    },
    "node_modules/prosemirror-inputrules": {
      "version": "1.1.3",
      "resolved": "https://registry.npmjs.org/prosemirror-inputrules/-/prosemirror-inputrules-1.1.3.tgz",
      "integrity": "sha512-ZaHCLyBtvbyIHv0f5p6boQTIJjlD6o2NPZiEaZWT2DA+j591zS29QQEMT4lBqwcLW3qRSf7ZvoKNbf05YrsStw==",
      "dependencies": {
        "prosemirror-state": "^1.0.0",
        "prosemirror-transform": "^1.0.0"
      }
    },
    "node_modules/prosemirror-keymap": {
      "version": "1.1.5",
      "resolved": "https://registry.npmjs.org/prosemirror-keymap/-/prosemirror-keymap-1.1.5.tgz",
      "integrity": "sha512-8SZgPH3K+GLsHL2wKuwBD9rxhsbnVBTwpHCO4VUO5GmqUQlxd/2GtBVWTsyLq4Dp3N9nGgPd3+lZFKUDuVp+Vw==",
      "dependencies": {
        "prosemirror-state": "^1.0.0",
        "w3c-keyname": "^2.2.0"
      }
    },
    "node_modules/prosemirror-markdown": {
      "version": "1.7.0",
      "resolved": "https://registry.npmjs.org/prosemirror-markdown/-/prosemirror-markdown-1.7.0.tgz",
      "integrity": "sha512-jZAehQ6KN5pSTFEdb1+iTvdogRBlKH3+Qqb6wjRuh8auRomEYVvAmSY9OsUL7689HzOUiy02T4f2WxB/t2I8rQ==",
      "dependencies": {
        "markdown-it": "^12.0.0",
        "prosemirror-model": "^1.0.0"
      }
    },
    "node_modules/prosemirror-mentions": {
      "version": "1.0.2",
      "resolved": "https://registry.npmjs.org/prosemirror-mentions/-/prosemirror-mentions-1.0.2.tgz",
      "integrity": "sha512-d9O1IT69NQvASN4K+/ki5FaiAs5yK5qnueZiRHtlnsy80V74hVINIdDp2HQkFM26/TLZ4xbkjXTakjv4X4ZRiQ==",
      "peerDependencies": {
        "prosemirror-state": "^1.2.2",
        "prosemirror-view": "^1.4.2"
      }
    },
    "node_modules/prosemirror-model": {
      "version": "1.16.1",
      "resolved": "https://registry.npmjs.org/prosemirror-model/-/prosemirror-model-1.16.1.tgz",
      "integrity": "sha512-r1/w0HDU40TtkXp0DyKBnFPYwd8FSlUSJmGCGFv4DeynfeSlyQF2FD0RQbVEMOe6P3PpUSXM6LZBV7W/YNZ4mA==",
      "dependencies": {
        "orderedmap": "^1.1.0"
      }
    },
    "node_modules/prosemirror-schema-list": {
      "version": "1.1.6",
      "resolved": "https://registry.npmjs.org/prosemirror-schema-list/-/prosemirror-schema-list-1.1.6.tgz",
      "integrity": "sha512-aFGEdaCWmJzouZ8DwedmvSsL50JpRkqhQ6tcpThwJONVVmCgI36LJHtoQ4VGZbusMavaBhXXr33zyD2IVsTlkw==",
      "dependencies": {
        "prosemirror-model": "^1.0.0",
        "prosemirror-transform": "^1.0.0"
      }
    },
    "node_modules/prosemirror-state": {
      "version": "1.3.4",
      "resolved": "https://registry.npmjs.org/prosemirror-state/-/prosemirror-state-1.3.4.tgz",
      "integrity": "sha512-Xkkrpd1y/TQ6HKzN3agsQIGRcLckUMA9u3j207L04mt8ToRgpGeyhbVv0HI7omDORIBHjR29b7AwlATFFf2GLA==",
      "dependencies": {
        "prosemirror-model": "^1.0.0",
        "prosemirror-transform": "^1.0.0"
      }
    },
    "node_modules/prosemirror-tables": {
      "version": "1.1.1",
      "resolved": "https://registry.npmjs.org/prosemirror-tables/-/prosemirror-tables-1.1.1.tgz",
      "integrity": "sha512-LmCz4jrlqQZRsYRDzCRYf/pQ5CUcSOyqZlAj5kv67ZWBH1SVLP2U9WJEvQfimWgeRlIz0y0PQVqO1arRm1+woA==",
      "dependencies": {
        "prosemirror-keymap": "^1.1.2",
        "prosemirror-model": "^1.8.1",
        "prosemirror-state": "^1.3.1",
        "prosemirror-transform": "^1.2.1",
        "prosemirror-view": "^1.13.3"
      }
    },
    "node_modules/prosemirror-transform": {
      "version": "1.3.4",
      "resolved": "https://registry.npmjs.org/prosemirror-transform/-/prosemirror-transform-1.3.4.tgz",
      "integrity": "sha512-gTsg3UIeaFuEY6+YmNPMgTpEkCKPedkFIUnsPpOMbclU701fEVI/e4VOXACXh3BO5rZJaBbEBwrnzB0mLp6eBA==",
      "dependencies": {
        "prosemirror-model": "^1.0.0"
      }
    },
    "node_modules/prosemirror-view": {
      "version": "1.23.6",
      "resolved": "https://registry.npmjs.org/prosemirror-view/-/prosemirror-view-1.23.6.tgz",
      "integrity": "sha512-B4DAzriNpI/AVoW0Lu6SVfX00jZZQxOVwdBQEjWlRbCdT9V0pvk4GQJ3JTFaib+b6BcPdRZ3MjWXz2xvV1rblA==",
      "dependencies": {
        "prosemirror-model": "^1.16.0",
        "prosemirror-state": "^1.0.0",
        "prosemirror-transform": "^1.1.0"
      }
    },
    "node_modules/react": {
      "version": "17.0.2",
      "resolved": "https://registry.npmjs.org/react/-/react-17.0.2.tgz",
      "integrity": "sha512-gnhPt75i/dq/z3/6q/0asP78D0u592D5L1pd7M8P+dck6Fu/jJeL6iVVK23fptSUZj8Vjf++7wXA8UNclGQcbA==",
      "dependencies": {
        "loose-envify": "^1.1.0",
        "object-assign": "^4.1.1"
      },
      "engines": {
        "node": ">=0.10.0"
      }
    },
    "node_modules/react-dom": {
      "version": "17.0.2",
      "resolved": "https://registry.npmjs.org/react-dom/-/react-dom-17.0.2.tgz",
      "integrity": "sha512-s4h96KtLDUQlsENhMn1ar8t2bEa+q/YAtj8pPPdIjPDGBDIVNsrD9aXNWqspUe6AzKCIG0C1HZZLqLV7qpOBGA==",
      "dependencies": {
        "loose-envify": "^1.1.0",
        "object-assign": "^4.1.1",
        "scheduler": "^0.20.2"
      },
      "peerDependencies": {
        "react": "17.0.2"
      }
    },
    "node_modules/react-is": {
      "version": "16.13.1",
      "resolved": "https://registry.npmjs.org/react-is/-/react-is-16.13.1.tgz",
      "integrity": "sha512-24e6ynE2H+OKt4kqsOvNd8kBpV65zoxbA4BVsEOB3ARVWQki/DHzaUoC5KuON/BiccDaCCTZBuOcfZs70kR8bQ=="
    },
    "node_modules/rope-sequence": {
      "version": "1.3.2",
      "resolved": "https://registry.npmjs.org/rope-sequence/-/rope-sequence-1.3.2.tgz",
      "integrity": "sha512-ku6MFrwEVSVmXLvy3dYph3LAMNS0890K7fabn+0YIRQ2T96T9F4gkFf0vf0WW0JUraNWwGRtInEpH7yO4tbQZg=="
    },
    "node_modules/scheduler": {
      "version": "0.20.2",
      "resolved": "https://registry.npmjs.org/scheduler/-/scheduler-0.20.2.tgz",
      "integrity": "sha512-2eWfGgAqqWFGqtdMmcL5zCMK1U8KlXv8SQFGglL3CEtd0aDVDWgeF/YoCmvln55m5zSk3J/20hTaSBeSObsQDQ==",
      "dependencies": {
        "loose-envify": "^1.1.0",
        "object-assign": "^4.1.1"
      }
    },
    "node_modules/uc.micro": {
      "version": "1.0.6",
      "resolved": "https://registry.npmjs.org/uc.micro/-/uc.micro-1.0.6.tgz",
      "integrity": "sha512-8Y75pvTYkLJW2hWQHXxoqRgV7qb9B+9vFEtidML+7koHUFapnVJAZ6cKs+Qjz5Aw3aZWHMC6u0wJE3At+nSGwA=="
    },
    "node_modules/w3c-keyname": {
      "version": "2.2.4",
      "resolved": "https://registry.npmjs.org/w3c-keyname/-/w3c-keyname-2.2.4.tgz",
      "integrity": "sha512-tOhfEwEzFLJzf6d1ZPkYfGj+FWhIpBux9ppoP3rlclw3Z0BZv3N7b7030Z1kYth+6rDuAsXUFr+d0VE6Ed1ikw=="
    }
  },
  "dependencies": {
    "@aeaton/prosemirror-commands": {
      "version": "2.0.2",
      "resolved": "https://registry.npmjs.org/@aeaton/prosemirror-commands/-/prosemirror-commands-2.0.2.tgz",
      "integrity": "sha512-wj/cmoJslj7irrG3cRcF8tvXC160fqXWZFPd4Zwns+r6nSJvvDL//QOaRYMIJV1uB2AGxj3kI84yPKSQbQbxKA==",
      "requires": {}
    },
    "@aeaton/prosemirror-placeholder": {
      "version": "2.0.2",
      "resolved": "https://registry.npmjs.org/@aeaton/prosemirror-placeholder/-/prosemirror-placeholder-2.0.2.tgz",
      "integrity": "sha512-5Mvw7HA4RpvvusHgoHhdCGaxgqkefcfQYcPEyU2jNjL0UcO4heJllHRHqugRJs7mzwSPexBhYyAIfOb/zKnpFw==",
      "requires": {}
    },
    "@aeaton/prosemirror-schema": {
      "version": "2.0.2",
      "resolved": "https://registry.npmjs.org/@aeaton/prosemirror-schema/-/prosemirror-schema-2.0.2.tgz",
      "integrity": "sha512-bdwYTUqe06Yh3Syj3z5a6U82c5Q8ogqvcHo5nDT8qpamwSsO4UHJilCSQwqLNe7m4JqtXDMpO7qCCuD8AjddGQ=="
    },
    "@aeaton/prosemirror-transformers": {
      "version": "2.0.2",
      "resolved": "https://registry.npmjs.org/@aeaton/prosemirror-transformers/-/prosemirror-transformers-2.0.2.tgz",
      "integrity": "sha512-MjbU0HQL8ll5/8XKyLcIvao1B25DAGW9VUR7SM4v1LgP8sLB+Peh0EP7VxOpMAP70mNbe6c/FcoELDJLlQz7ug==",
      "requires": {
        "markdown-it": "^12.0.4",
        "prosemirror-markdown": "^1.5.1"
      }
    },
    "@aeaton/react-prosemirror": {
      "version": "2.0.3",
      "resolved": "https://registry.npmjs.org/@aeaton/react-prosemirror/-/react-prosemirror-2.0.3.tgz",
      "integrity": "sha512-wvbh1DNuP4jxeTLvaE64NZxRSOI8Aa5AjkbE45UK+NA7h4yJDfC8hUdPSc7mBW51GlacGLs1+iI5Bw6kbeSYgg==",
      "requires": {
        "@aeaton/prosemirror-transformers": "^2.0.2"
      }
    },
    "@aeaton/react-prosemirror-config-default": {
      "version": "2.0.3",
      "resolved": "https://registry.npmjs.org/@aeaton/react-prosemirror-config-default/-/react-prosemirror-config-default-2.0.3.tgz",
      "integrity": "sha512-+H0qFyQtZ39DmjetHfZNExtytflYcPx+sHThKMcZA/r96yRDjF5+w2FnXDvlaZwCcedXYMbESv1DXFgU2gc4cA==",
      "requires": {
        "@aeaton/prosemirror-commands": "^2.0.2",
        "@aeaton/prosemirror-placeholder": "^2.0.2",
        "@aeaton/prosemirror-schema": "^2.0.2",
        "@aeaton/prosemirror-transformers": "^2.0.2",
        "@aeaton/react-prosemirror": "^2.0.3",
        "@fortawesome/fontawesome-svg-core": "^1.2.35",
        "@fortawesome/free-solid-svg-icons": "^5.15.3",
        "@fortawesome/react-fontawesome": "^0.1.14",
        "prosemirror-commands": "^1.1.7",
        "prosemirror-dropcursor": "^1.3.3",
        "prosemirror-gapcursor": "^1.1.5",
        "prosemirror-history": "^1.1.3",
        "prosemirror-inputrules": "^1.1.3",
        "prosemirror-keymap": "^1.1.4",
        "prosemirror-schema-list": "^1.1.4",
        "prosemirror-tables": "^1.1.1",
        "prosemirror-transform": "^1.2.12"
      }
    },
    "@fortawesome/fontawesome-common-types": {
      "version": "0.3.0",
      "resolved": "https://registry.npmjs.org/@fortawesome/fontawesome-common-types/-/fontawesome-common-types-0.3.0.tgz",
      "integrity": "sha512-CA3MAZBTxVsF6SkfkHXDerkhcQs0QPofy43eFdbWJJkZiq3SfiaH1msOkac59rQaqto5EqWnASboY1dBuKen5w=="
    },
    "@fortawesome/fontawesome-svg-core": {
      "version": "1.3.0",
      "resolved": "https://registry.npmjs.org/@fortawesome/fontawesome-svg-core/-/fontawesome-svg-core-1.3.0.tgz",
      "integrity": "sha512-UIL6crBWhjTNQcONt96ExjUnKt1D68foe3xjEensLDclqQ6YagwCRYVQdrp/hW0ALRp/5Fv/VKw+MqTUWYYvPg==",
      "requires": {
        "@fortawesome/fontawesome-common-types": "^0.3.0"
      }
    },
    "@fortawesome/free-solid-svg-icons": {
      "version": "5.15.4",
      "resolved": "https://registry.npmjs.org/@fortawesome/free-solid-svg-icons/-/free-solid-svg-icons-5.15.4.tgz",
      "integrity": "sha512-JLmQfz6tdtwxoihXLg6lT78BorrFyCf59SAwBM6qV/0zXyVeDygJVb3fk+j5Qat+Yvcxp1buLTY5iDh1ZSAQ8w==",
      "requires": {
        "@fortawesome/fontawesome-common-types": "^0.2.36"
      },
      "dependencies": {
        "@fortawesome/fontawesome-common-types": {
          "version": "0.2.36",
          "resolved": "https://registry.npmjs.org/@fortawesome/fontawesome-common-types/-/fontawesome-common-types-0.2.36.tgz",
          "integrity": "sha512-a/7BiSgobHAgBWeN7N0w+lAhInrGxksn13uK7231n2m8EDPE3BMCl9NZLTGrj9ZXfCmC6LM0QLqXidIizVQ6yg=="
        }
      }
    },
    "@fortawesome/react-fontawesome": {
      "version": "0.1.17",
      "resolved": "https://registry.npmjs.org/@fortawesome/react-fontawesome/-/react-fontawesome-0.1.17.tgz",
      "integrity": "sha512-dX43Z5IvMaW7fwzU8farosYjKNGfRb2HB/DgjVBHeJZ/NSnuuaujPPx0YOdcAq+n3mqn70tyCde2HM1mqbhiuw==",
      "requires": {
        "prop-types": "^15.8.1"
      }
    },
    "argparse": {
      "version": "2.0.1",
      "resolved": "https://registry.npmjs.org/argparse/-/argparse-2.0.1.tgz",
      "integrity": "sha512-8+9WqebbFzpX9OR+Wa6O29asIogeRMzcGtAINdpMHHyAg10f05aSFVBbcEqGf/PXw1EjAZ+q2/bEBg3DvurK3Q=="
    },
    "entities": {
      "version": "2.1.0",
      "resolved": "https://registry.npmjs.org/entities/-/entities-2.1.0.tgz",
      "integrity": "sha512-hCx1oky9PFrJ611mf0ifBLBRW8lUUVRlFolb5gWRfIELabBlbp9xZvrqZLZAs+NxFnbfQoeGd8wDkygjg7U85w=="
    },
    "esbuild": {
      "version": "0.8.57",
      "resolved": "https://registry.npmjs.org/esbuild/-/esbuild-0.8.57.tgz",
      "integrity": "sha512-j02SFrUwFTRUqiY0Kjplwjm1psuzO1d6AjaXKuOR9hrY0HuPsT6sV42B6myW34h1q4CRy+Y3g4RU/cGJeI/nNA==",
      "dev": true
    },
    "js-tokens": {
      "version": "4.0.0",
      "resolved": "https://registry.npmjs.org/js-tokens/-/js-tokens-4.0.0.tgz",
      "integrity": "sha512-RdJUflcE3cUzKiMqQgsCu06FPu9UdIJO0beYbPhHN4k6apgJtifcoCtT9bcxOpYBtpD2kCM6Sbzg4CausW/PKQ=="
    },
    "linkify-it": {
      "version": "3.0.3",
      "resolved": "https://registry.npmjs.org/linkify-it/-/linkify-it-3.0.3.tgz",
      "integrity": "sha512-ynTsyrFSdE5oZ/O9GEf00kPngmOfVwazR5GKDq6EYfhlpFug3J2zybX56a2PRRpc9P+FuSoGNAwjlbDs9jJBPQ==",
      "requires": {
        "uc.micro": "^1.0.1"
      }
    },
    "loose-envify": {
      "version": "1.4.0",
      "resolved": "https://registry.npmjs.org/loose-envify/-/loose-envify-1.4.0.tgz",
      "integrity": "sha512-lyuxPGr/Wfhrlem2CL/UcnUc1zcqKAImBDzukY7Y5F/yQiNdko6+fRLevlw1HgMySw7f611UIY408EtxRSoK3Q==",
      "requires": {
        "js-tokens": "^3.0.0 || ^4.0.0"
      }
    },
    "markdown-it": {
      "version": "12.3.2",
      "resolved": "https://registry.npmjs.org/markdown-it/-/markdown-it-12.3.2.tgz",
      "integrity": "sha512-TchMembfxfNVpHkbtriWltGWc+m3xszaRD0CZup7GFFhzIgQqxIfn3eGj1yZpfuflzPvfkt611B2Q/Bsk1YnGg==",
      "requires": {
        "argparse": "^2.0.1",
        "entities": "~2.1.0",
        "linkify-it": "^3.0.1",
        "mdurl": "^1.0.1",
        "uc.micro": "^1.0.5"
      }
    },
    "mdurl": {
      "version": "1.0.1",
      "resolved": "https://registry.npmjs.org/mdurl/-/mdurl-1.0.1.tgz",
      "integrity": "sha1-/oWy7HWlkDfyrf7BAP1sYBdhFS4="
    },
    "object-assign": {
      "version": "4.1.1",
      "resolved": "https://registry.npmjs.org/object-assign/-/object-assign-4.1.1.tgz",
      "integrity": "sha1-IQmtx5ZYh8/AXLvUQsrIv7s2CGM="
    },
    "orderedmap": {
      "version": "1.1.1",
      "resolved": "https://registry.npmjs.org/orderedmap/-/orderedmap-1.1.1.tgz",
      "integrity": "sha512-3Ux8um0zXbVacKUkcytc0u3HgC0b0bBLT+I60r2J/En72cI0nZffqrA7Xtf2Hqs27j1g82llR5Mhbd0Z1XW4AQ=="
    },
    "prop-types": {
      "version": "15.8.1",
      "resolved": "https://registry.npmjs.org/prop-types/-/prop-types-15.8.1.tgz",
      "integrity": "sha512-oj87CgZICdulUohogVAR7AjlC0327U4el4L6eAvOqCeudMDVU0NThNaV+b9Df4dXgSP1gXMTnPdhfe/2qDH5cg==",
      "requires": {
        "loose-envify": "^1.4.0",
        "object-assign": "^4.1.1",
        "react-is": "^16.13.1"
      }
    },
    "prosemirror-commands": {
      "version": "1.2.1",
      "resolved": "https://registry.npmjs.org/prosemirror-commands/-/prosemirror-commands-1.2.1.tgz",
      "integrity": "sha512-S/IkpXfpuLFsRynC2HQ5iYROUPiZskKS1+ClcWycGJvj4HMb/mVfeEkQrixYxgTl96EAh+RZQNWPC06GZXk5tQ==",
      "requires": {
        "prosemirror-model": "^1.0.0",
        "prosemirror-state": "^1.0.0",
        "prosemirror-transform": "^1.0.0"
      }
    },
    "prosemirror-dropcursor": {
      "version": "1.4.0",
      "resolved": "https://registry.npmjs.org/prosemirror-dropcursor/-/prosemirror-dropcursor-1.4.0.tgz",
      "integrity": "sha512-6+YwTjmqDwlA/Dm+5wK67ezgqgjA/MhSDgaNxKUzH97SmeuWFXyLeDRxxOPZeSo7yTxcDGUCWTEjmQZsVBuMrQ==",
      "requires": {
        "prosemirror-state": "^1.0.0",
        "prosemirror-transform": "^1.1.0",
        "prosemirror-view": "^1.1.0"
      }
    },
    "prosemirror-gapcursor": {
      "version": "1.2.1",
      "resolved": "https://registry.npmjs.org/prosemirror-gapcursor/-/prosemirror-gapcursor-1.2.1.tgz",
      "integrity": "sha512-PHa9lj27iM/g4C46gxVzsefuXVfy/LrGQH4QjMRht7VDBgw77iWYWn8ZHMWSFkwtr9jQEuxI5gccHHHwWG80nw==",
      "requires": {
        "prosemirror-keymap": "^1.0.0",
        "prosemirror-model": "^1.0.0",
        "prosemirror-state": "^1.0.0",
        "prosemirror-view": "^1.0.0"
      }
    },
    "prosemirror-history": {
      "version": "1.2.0",
      "resolved": "https://registry.npmjs.org/prosemirror-history/-/prosemirror-history-1.2.0.tgz",
      "integrity": "sha512-B9v9xtf4fYbKxQwIr+3wtTDNLDZcmMMmGiI3TAPShnUzvo+Rmv1GiUrsQChY1meetHl7rhML2cppF3FTs7f7UQ==",
      "requires": {
        "prosemirror-state": "^1.2.2",
        "prosemirror-transform": "^1.0.0",
        "rope-sequence": "^1.3.0"
      }
    },
    "prosemirror-inputrules": {
      "version": "1.1.3",
      "resolved": "https://registry.npmjs.org/prosemirror-inputrules/-/prosemirror-inputrules-1.1.3.tgz",
      "integrity": "sha512-ZaHCLyBtvbyIHv0f5p6boQTIJjlD6o2NPZiEaZWT2DA+j591zS29QQEMT4lBqwcLW3qRSf7ZvoKNbf05YrsStw==",
      "requires": {
        "prosemirror-state": "^1.0.0",
        "prosemirror-transform": "^1.0.0"
      }
    },
    "prosemirror-keymap": {
      "version": "1.1.5",
      "resolved": "https://registry.npmjs.org/prosemirror-keymap/-/prosemirror-keymap-1.1.5.tgz",
      "integrity": "sha512-8SZgPH3K+GLsHL2wKuwBD9rxhsbnVBTwpHCO4VUO5GmqUQlxd/2GtBVWTsyLq4Dp3N9nGgPd3+lZFKUDuVp+Vw==",
      "requires": {
        "prosemirror-state": "^1.0.0",
        "w3c-keyname": "^2.2.0"
      }
    },
    "prosemirror-markdown": {
      "version": "1.7.0",
      "resolved": "https://registry.npmjs.org/prosemirror-markdown/-/prosemirror-markdown-1.7.0.tgz",
      "integrity": "sha512-jZAehQ6KN5pSTFEdb1+iTvdogRBlKH3+Qqb6wjRuh8auRomEYVvAmSY9OsUL7689HzOUiy02T4f2WxB/t2I8rQ==",
      "requires": {
        "markdown-it": "^12.0.0",
        "prosemirror-model": "^1.0.0"
      }
    },
    "prosemirror-mentions": {
      "version": "1.0.2",
      "resolved": "https://registry.npmjs.org/prosemirror-mentions/-/prosemirror-mentions-1.0.2.tgz",
      "integrity": "sha512-d9O1IT69NQvASN4K+/ki5FaiAs5yK5qnueZiRHtlnsy80V74hVINIdDp2HQkFM26/TLZ4xbkjXTakjv4X4ZRiQ==",
      "requires": {}
    },
    "prosemirror-model": {
      "version": "1.16.1",
      "resolved": "https://registry.npmjs.org/prosemirror-model/-/prosemirror-model-1.16.1.tgz",
      "integrity": "sha512-r1/w0HDU40TtkXp0DyKBnFPYwd8FSlUSJmGCGFv4DeynfeSlyQF2FD0RQbVEMOe6P3PpUSXM6LZBV7W/YNZ4mA==",
      "requires": {
        "orderedmap": "^1.1.0"
      }
    },
    "prosemirror-schema-list": {
      "version": "1.1.6",
      "resolved": "https://registry.npmjs.org/prosemirror-schema-list/-/prosemirror-schema-list-1.1.6.tgz",
      "integrity": "sha512-aFGEdaCWmJzouZ8DwedmvSsL50JpRkqhQ6tcpThwJONVVmCgI36LJHtoQ4VGZbusMavaBhXXr33zyD2IVsTlkw==",
      "requires": {
        "prosemirror-model": "^1.0.0",
        "prosemirror-transform": "^1.0.0"
      }
    },
    "prosemirror-state": {
      "version": "1.3.4",
      "resolved": "https://registry.npmjs.org/prosemirror-state/-/prosemirror-state-1.3.4.tgz",
      "integrity": "sha512-Xkkrpd1y/TQ6HKzN3agsQIGRcLckUMA9u3j207L04mt8ToRgpGeyhbVv0HI7omDORIBHjR29b7AwlATFFf2GLA==",
      "requires": {
        "prosemirror-model": "^1.0.0",
        "prosemirror-transform": "^1.0.0"
      }
    },
    "prosemirror-tables": {
      "version": "1.1.1",
      "resolved": "https://registry.npmjs.org/prosemirror-tables/-/prosemirror-tables-1.1.1.tgz",
      "integrity": "sha512-LmCz4jrlqQZRsYRDzCRYf/pQ5CUcSOyqZlAj5kv67ZWBH1SVLP2U9WJEvQfimWgeRlIz0y0PQVqO1arRm1+woA==",
      "requires": {
        "prosemirror-keymap": "^1.1.2",
        "prosemirror-model": "^1.8.1",
        "prosemirror-state": "^1.3.1",
        "prosemirror-transform": "^1.2.1",
        "prosemirror-view": "^1.13.3"
      }
    },
    "prosemirror-transform": {
      "version": "1.3.4",
      "resolved": "https://registry.npmjs.org/prosemirror-transform/-/prosemirror-transform-1.3.4.tgz",
      "integrity": "sha512-gTsg3UIeaFuEY6+YmNPMgTpEkCKPedkFIUnsPpOMbclU701fEVI/e4VOXACXh3BO5rZJaBbEBwrnzB0mLp6eBA==",
      "requires": {
        "prosemirror-model": "^1.0.0"
      }
    },
    "prosemirror-view": {
      "version": "1.23.6",
      "resolved": "https://registry.npmjs.org/prosemirror-view/-/prosemirror-view-1.23.6.tgz",
      "integrity": "sha512-B4DAzriNpI/AVoW0Lu6SVfX00jZZQxOVwdBQEjWlRbCdT9V0pvk4GQJ3JTFaib+b6BcPdRZ3MjWXz2xvV1rblA==",
      "requires": {
        "prosemirror-model": "^1.16.0",
        "prosemirror-state": "^1.0.0",
        "prosemirror-transform": "^1.1.0"
      }
    },
    "react": {
      "version": "17.0.2",
      "resolved": "https://registry.npmjs.org/react/-/react-17.0.2.tgz",
      "integrity": "sha512-gnhPt75i/dq/z3/6q/0asP78D0u592D5L1pd7M8P+dck6Fu/jJeL6iVVK23fptSUZj8Vjf++7wXA8UNclGQcbA==",
      "requires": {
        "loose-envify": "^1.1.0",
        "object-assign": "^4.1.1"
      }
    },
    "react-dom": {
      "version": "17.0.2",
      "resolved": "https://registry.npmjs.org/react-dom/-/react-dom-17.0.2.tgz",
      "integrity": "sha512-s4h96KtLDUQlsENhMn1ar8t2bEa+q/YAtj8pPPdIjPDGBDIVNsrD9aXNWqspUe6AzKCIG0C1HZZLqLV7qpOBGA==",
      "requires": {
        "loose-envify": "^1.1.0",
        "object-assign": "^4.1.1",
        "scheduler": "^0.20.2"
      }
    },
    "react-is": {
      "version": "16.13.1",
      "resolved": "https://registry.npmjs.org/react-is/-/react-is-16.13.1.tgz",
      "integrity": "sha512-24e6ynE2H+OKt4kqsOvNd8kBpV65zoxbA4BVsEOB3ARVWQki/DHzaUoC5KuON/BiccDaCCTZBuOcfZs70kR8bQ=="
    },
    "rope-sequence": {
      "version": "1.3.2",
      "resolved": "https://registry.npmjs.org/rope-sequence/-/rope-sequence-1.3.2.tgz",
      "integrity": "sha512-ku6MFrwEVSVmXLvy3dYph3LAMNS0890K7fabn+0YIRQ2T96T9F4gkFf0vf0WW0JUraNWwGRtInEpH7yO4tbQZg=="
    },
    "scheduler": {
      "version": "0.20.2",
      "resolved": "https://registry.npmjs.org/scheduler/-/scheduler-0.20.2.tgz",
      "integrity": "sha512-2eWfGgAqqWFGqtdMmcL5zCMK1U8KlXv8SQFGglL3CEtd0aDVDWgeF/YoCmvln55m5zSk3J/20hTaSBeSObsQDQ==",
      "requires": {
        "loose-envify": "^1.1.0",
        "object-assign": "^4.1.1"
      }
    },
    "uc.micro": {
      "version": "1.0.6",
      "resolved": "https://registry.npmjs.org/uc.micro/-/uc.micro-1.0.6.tgz",
      "integrity": "sha512-8Y75pvTYkLJW2hWQHXxoqRgV7qb9B+9vFEtidML+7koHUFapnVJAZ6cKs+Qjz5Aw3aZWHMC6u0wJE3At+nSGwA=="
    },
    "w3c-keyname": {
      "version": "2.2.4",
      "resolved": "https://registry.npmjs.org/w3c-keyname/-/w3c-keyname-2.2.4.tgz",
      "integrity": "sha512-tOhfEwEzFLJzf6d1ZPkYfGj+FWhIpBux9ppoP3rlclw3Z0BZv3N7b7030Z1kYth+6rDuAsXUFr+d0VE6Ed1ikw=="
    }
  }
}
